
Microsoft Visual Studio Solution File, Format Version 12.00
# Visual Studio 15
VisualStudioVersion = 15.0.27703.2026
MinimumVisualStudioVersion = 10.0.40219.1
Project("{FAE04EC0-301F-11D3-BF4B-00C04F79EFBC}") = "GCS", "GCS.csproj", "{666C6452-96BD-4DBC-A3FE-6288ECCFDD12}"
EndProject
Project("{2150E333-8FDC-42A3-9474-1A3956D46DE8}") = "Library", "Library", "{5046F811-BE5A-4479-9B75-57B89FBB63FD}"
EndProject
Project("{9A19103F-16F7-4668-BE54-9A1E7A4F7556}") = "MAVLink", "Library\Mavlink\MAVLink.csproj", "{D5CDEF54-BDB0-4F8C-92AF-45EFA391EF4D}"
EndProject
Project("{9A19103F-16F7-4668-BE54-9A1E7A4F7556}") = "GCS.Comms", "Library\GCS.Comms\GCS.Comms.csproj", "{9B66088D-DAD2-42C4-8865-513754703AA0}"
EndProject
Project("{9A19103F-16F7-4668-BE54-9A1E7A4F7556}") = "GMap.NET.Core", "Library\GMap.NET.Core\GMap.NET.Core.csproj", "{EE368EAD-9065-48C7-BE86-3671BAD5F22B}"
EndProject
Project("{FAE04EC0-301F-11D3-BF4B-00C04F79EFBC}") = "GMap.NET.WindowsForms", "Library\GMap.NET.WindowsForms\GMap.NET.WindowsForms.csproj", "{E06DEF77-F933-42FB-AFD7-DB2D0D8D6A98}"
EndProject
Project("{9A19103F-16F7-4668-BE54-9A1E7A4F7556}") = "GCS.Utilities", "Library\GCS.Utilities\GCS.Utilities.csproj", "{01A5ADD3-0DB7-4BA3-8473-CC4C831CB66B}"
EndProject
Project("{FAE04EC0-301F-11D3-BF4B-00C04F79EFBC}") = "GCS.Controls", "Library\GCS.Controls\GCS.Controls.csproj", "{13DE7BC9-7575-44A0-9747-50EC4527D582}"
EndProject
Global
	GlobalSection(SolutionConfigurationPlatforms) = preSolution
		Debug|Any CPU = Debug|Any CPU
		Release|Any CPU = Release|Any CPU
	EndGlobalSection
	GlobalSection(ProjectConfigurationPlatforms) = postSolution
		{666C6452-96BD-4DBC-A3FE-6288ECCFDD12}.Debug|Any CPU.ActiveCfg = Debug|Any CPU
		{666C6452-96BD-4DBC-A3FE-6288ECCFDD12}.Debug|Any CPU.Build.0 = Debug|Any CPU
		{666C6452-96BD-4DBC-A3FE-6288ECCFDD12}.Release|Any CPU.ActiveCfg = Release|Any CPU
		{666C6452-96BD-4DBC-A3FE-6288ECCFDD12}.Release|Any CPU.Build.0 = Release|Any CPU
		{D5CDEF54-BDB0-4F8C-92AF-45EFA391EF4D}.Debug|Any CPU.ActiveCfg = Debug|Any CPU
		{D5CDEF54-BDB0-4F8C-92AF-45EFA391EF4D}.Debug|Any CPU.Build.0 = Debug|Any CPU
		{D5CDEF54-BDB0-4F8C-92AF-45EFA391EF4D}.Release|Any CPU.ActiveCfg = Release|Any CPU
		{D5CDEF54-BDB0-4F8C-92AF-45EFA391EF4D}.Release|Any CPU.Build.0 = Release|Any CPU
		{9B66088D-DAD2-42C4-8865-513754703AA0}.Debug|Any CPU.ActiveCfg = Debug|Any CPU
		{9B66088D-DAD2-42C4-8865-513754703AA0}.Debug|Any CPU.Build.0 = Debug|Any CPU
		{9B66088D-DAD2-42C4-8865-513754703AA0}.Release|Any CPU.ActiveCfg = Release|Any CPU
		{9B66088D-DAD2-42C4-8865-513754703AA0}.Release|Any CPU.Build.0 = Release|Any CPU
		{EE368EAD-9065-48C7-BE86-3671BAD5F22B}.Debug|Any CPU.ActiveCfg = Debug|Any CPU
		{EE368EAD-9065-48C7-BE86-3671BAD5F22B}.Debug|Any CPU.Build.0 = Debug|Any CPU
		{EE368EAD-9065-48C7-BE86-3671BAD5F22B}.Release|Any CPU.ActiveCfg = Release|Any CPU
		{EE368EAD-9065-48C7-BE86-3671BAD5F22B}.Release|Any CPU.Build.0 = Release|Any CPU
		{E06DEF77-F933-42FB-AFD7-DB2D0D8D6A98}.Debug|Any CPU.ActiveCfg = Debug|Any CPU
		{E06DEF77-F933-42FB-AFD7-DB2D0D8D6A98}.Debug|Any CPU.Build.0 = Debug|Any CPU
		{E06DEF77-F933-42FB-AFD7-DB2D0D8D6A98}.Release|Any CPU.ActiveCfg = Release|Any CPU
		{E06DEF77-F933-42FB-AFD7-DB2D0D8D6A98}.Release|Any CPU.Build.0 = Release|Any CPU
		{01A5ADD3-0DB7-4BA3-8473-CC4C831CB66B}.Debug|Any CPU.ActiveCfg = Debug|Any CPU
		{01A5ADD3-0DB7-4BA3-8473-CC4C831CB66B}.Debug|Any CPU.Build.0 = Debug|Any CPU
		{01A5ADD3-0DB7-4BA3-8473-CC4C831CB66B}.Release|Any CPU.ActiveCfg = Release|Any CPU
		{01A5ADD3-0DB7-4BA3-8473-CC4C831CB66B}.Release|Any CPU.Build.0 = Release|Any CPU
		{13DE7BC9-7575-44A0-9747-50EC4527D582}.Debug|Any CPU.ActiveCfg = Debug|Any CPU
		{13DE7BC9-7575-44A0-9747-50EC4527D582}.Debug|Any CPU.Build.0 = Debug|Any CPU
		{13DE7BC9-7575-44A0-9747-50EC4527D582}.Release|Any CPU.ActiveCfg = Release|Any CPU
		{13DE7BC9-7575-44A0-9747-50EC4527D582}.Release|Any CPU.Build.0 = Release|Any CPU
	EndGlobalSection
	GlobalSection(SolutionProperties) = preSolution
		HideSolutionNode = FALSE
	EndGlobalSection
	GlobalSection(NestedProjects) = preSolution
		{D5CDEF54-BDB0-4F8C-92AF-45EFA391EF4D} = {5046F811-BE5A-4479-9B75-57B89FBB63FD}
		{9B66088D-DAD2-42C4-8865-513754703AA0} = {5046F811-BE5A-4479-9B75-57B89FBB63FD}
		{EE368EAD-9065-48C7-BE86-3671BAD5F22B} = {5046F811-BE5A-4479-9B75-57B89FBB63FD}
		{E06DEF77-F933-42FB-AFD7-DB2D0D8D6A98} = {5046F811-BE5A-4479-9B75-57B89FBB63FD}
		{01A5ADD3-0DB7-4BA3-8473-CC4C831CB66B} = {5046F811-BE5A-4479-9B75-57B89FBB63FD}
		{13DE7BC9-7575-44A0-9747-50EC4527D582} = {5046F811-BE5A-4479-9B75-57B89FBB63FD}
	EndGlobalSection
	GlobalSection(ExtensibilityGlobals) = postSolution
		SolutionGuid = {1E213195-7C1E-4548-8F1D-E8D2425DF0B6}
	EndGlobalSection
EndGlobal
